# This file is automatically @generated by Cargo.
# It is not intended for manual editing.
version = 4

[[package]]
name = "aabb"
version = "0.6.12"
source = "registry+https://github.com/rust-lang/crates.io-index"
checksum = "57155ab453460cf5636ace98125677c05bb43c17f5c8f48f9cfc907164293636"

[[package]]
name = "nfp"
version = "0.1.0"
dependencies = [
 "togo",
]

[[package]]
name = "robust"
version = "1.2.0"
source = "registry+https://github.com/rust-lang/crates.io-index"
checksum = "4e27ee8bb91ca0adcf0ecb116293afa12d393f9c2b9b9cd54d33e8078fe19839"

[[package]]
name = "togo"
version = "0.6.8"
source = "registry+https://github.com/rust-lang/crates.io-index"
checksum = "9fe3547d41885004350d619d6a462d822d387d0150418ec69c084c5abcd2c984"
dependencies = [
 "aabb",
 "robust",
]
