# This file is automatically @generated by Cargo.
# It is not intended for manual editing.
version = 4

[[package]]
name = "aabb"
version = "0.6.14"
source = "registry+https://github.com/rust-lang/crates.io-index"
checksum = "407c7bedb3b911c8ea781c631ef928d9f59f5e17253aed1e628b0c5950478fd7"

[[package]]
name = "nfp"
version = "0.2.2"
dependencies = [
 "togo",
]

[[package]]
name = "robust"
version = "1.2.0"
source = "registry+https://github.com/rust-lang/crates.io-index"
checksum = "4e27ee8bb91ca0adcf0ecb116293afa12d393f9c2b9b9cd54d33e8078fe19839"

[[package]]
name = "togo"
version = "0.6.9"
source = "registry+https://github.com/rust-lang/crates.io-index"
checksum = "99d92396efdf7f48c0f77b11f52d38ec363865202058cf797a2e4f70bbe2e05b"
dependencies = [
 "aabb",
 "robust",
]
